
Microsoft Visual Studio Solution File, Format Version 12.00
# Visual Studio Version 16
VisualStudioVersion = 16.0.32002.261
MinimumVisualStudioVersion = 10.0.40219.1
Project("{FAE04EC0-301F-11D3-BF4B-00C04F79EFBC}") = "Admin", "Admin\Admin.csproj", "{510DCACA-746B-4E18-8C81-D32743E8575C}"
EndProject
Global
	GlobalSection(SolutionConfigurationPlatforms) = preSolution
		Debug|Any CPU = Debug|Any CPU
		Release|Any CPU = Release|Any CPU
	EndGlobalSection
	GlobalSection(ProjectConfigurationPlatforms) = postSolution
		{510DCACA-746B-4E18-8C81-D32743E8575C}.Debug|Any CPU.ActiveCfg = Debug|Any CPU
		{510DCACA-746B-4E18-8C81-D32743E8575C}.Debug|Any CPU.Build.0 = Debug|Any CPU
		{510DCACA-746B-4E18-8C81-D32743E8575C}.Release|Any CPU.ActiveCfg = Release|Any CPU
		{510DCACA-746B-4E18-8C81-D32743E8575C}.Release|Any CPU.Build.0 = Release|Any CPU
	EndGlobalSection
	GlobalSection(SolutionProperties) = preSolution
		HideSolutionNode = FALSE
	EndGlobalSection
	GlobalSection(ExtensibilityGlobals) = postSolution
		SolutionGuid = {79A7DF3D-3AB1-4DC5-BC67-791D9EE08DAD}
	EndGlobalSection
EndGlobal
